
Microsoft Visual Studio Solution File, Format Version 12.00
# Visual Studio Version 16
VisualStudioVersion = 25.0.1706.0
MinimumVisualStudioVersion = 10.0.40219.1
Project("{FAE04EC0-301F-11D3-BF4B-00C04F79EFBC}") = "myfirstproject", "myfirstproject\myfirstproject.csproj", "{B4369495-C53E-4B60-ADCE-F62E5FDA4533}"
EndProject
Global
	GlobalSection(SolutionConfigurationPlatforms) = preSolution
		Debug|Any CPU = Debug|Any CPU
		Release|Any CPU = Release|Any CPU
	EndGlobalSection
	GlobalSection(ProjectConfigurationPlatforms) = postSolution
		{B4369495-C53E-4B60-ADCE-F62E5FDA4533}.Debug|Any CPU.ActiveCfg = Debug|Any CPU
		{B4369495-C53E-4B60-ADCE-F62E5FDA4533}.Debug|Any CPU.Build.0 = Debug|Any CPU
		{B4369495-C53E-4B60-ADCE-F62E5FDA4533}.Release|Any CPU.ActiveCfg = Release|Any CPU
		{B4369495-C53E-4B60-ADCE-F62E5FDA4533}.Release|Any CPU.Build.0 = Release|Any CPU
	EndGlobalSection
	GlobalSection(SolutionProperties) = preSolution
		HideSolutionNode = FALSE
	EndGlobalSection
	GlobalSection(ExtensibilityGlobals) = postSolution
		SolutionGuid = {21D49E9F-D19B-48F7-9420-15F31C53E780}
	EndGlobalSection
EndGlobal
